
Microsoft Visual Studio Solution File, Format Version 12.00
# Visual Studio Version 17
VisualStudioVersion = 17.9.34622.214
MinimumVisualStudioVersion = 10.0.40219.1
Project("{9A19103F-16F7-4668-BE54-9A1E7A4F7556}") = "DesignPatterns.FactoryMethod", "DesignPatterns.FactoryMethod\DesignPatterns.FactoryMethod.csproj", "{A05B544D-7CAA-45CC-91D7-813A9EF81127}"
EndProject
Project("{9A19103F-16F7-4668-BE54-9A1E7A4F7556}") = "DesignPatterns", "DesignPatterns\DesignPatterns.csproj", "{89027899-CC83-44D9-A36A-A5522F040407}"
EndProject
Project("{9A19103F-16F7-4668-BE54-9A1E7A4F7556}") = "DesignPatterns.AbstractFactory", "DesignPatterns.AbstractFactory\DesignPatterns.AbstractFactory.csproj", "{1D3126C8-5B47-4376-AEC8-F478CB697150}"
EndProject
Project("{FAE04EC0-301F-11D3-BF4B-00C04F79EFBC}") = "DesignPatterns.Builder", "DesignPatterns.Builder\DesignPatterns.Builder.csproj", "{75A3F3DF-8124-4EFC-B751-A29EE1822558}"
EndProject
Global
	GlobalSection(SolutionConfigurationPlatforms) = preSolution
		Debug|Any CPU = Debug|Any CPU
		Release|Any CPU = Release|Any CPU
	EndGlobalSection
	GlobalSection(ProjectConfigurationPlatforms) = postSolution
		{A05B544D-7CAA-45CC-91D7-813A9EF81127}.Debug|Any CPU.ActiveCfg = Debug|Any CPU
		{A05B544D-7CAA-45CC-91D7-813A9EF81127}.Debug|Any CPU.Build.0 = Debug|Any CPU
		{A05B544D-7CAA-45CC-91D7-813A9EF81127}.Release|Any CPU.ActiveCfg = Release|Any CPU
		{A05B544D-7CAA-45CC-91D7-813A9EF81127}.Release|Any CPU.Build.0 = Release|Any CPU
		{89027899-CC83-44D9-A36A-A5522F040407}.Debug|Any CPU.ActiveCfg = Debug|Any CPU
		{89027899-CC83-44D9-A36A-A5522F040407}.Debug|Any CPU.Build.0 = Debug|Any CPU
		{89027899-CC83-44D9-A36A-A5522F040407}.Release|Any CPU.ActiveCfg = Release|Any CPU
		{89027899-CC83-44D9-A36A-A5522F040407}.Release|Any CPU.Build.0 = Release|Any CPU
		{1D3126C8-5B47-4376-AEC8-F478CB697150}.Debug|Any CPU.ActiveCfg = Debug|Any CPU
		{1D3126C8-5B47-4376-AEC8-F478CB697150}.Debug|Any CPU.Build.0 = Debug|Any CPU
		{1D3126C8-5B47-4376-AEC8-F478CB697150}.Release|Any CPU.ActiveCfg = Release|Any CPU
		{1D3126C8-5B47-4376-AEC8-F478CB697150}.Release|Any CPU.Build.0 = Release|Any CPU
		{75A3F3DF-8124-4EFC-B751-A29EE1822558}.Debug|Any CPU.ActiveCfg = Debug|Any CPU
		{75A3F3DF-8124-4EFC-B751-A29EE1822558}.Debug|Any CPU.Build.0 = Debug|Any CPU
		{75A3F3DF-8124-4EFC-B751-A29EE1822558}.Release|Any CPU.ActiveCfg = Release|Any CPU
		{75A3F3DF-8124-4EFC-B751-A29EE1822558}.Release|Any CPU.Build.0 = Release|Any CPU
	EndGlobalSection
	GlobalSection(SolutionProperties) = preSolution
		HideSolutionNode = FALSE
	EndGlobalSection
	GlobalSection(ExtensibilityGlobals) = postSolution
		SolutionGuid = {122C24B8-4AAE-4531-823F-74FF41013F5E}
	EndGlobalSection
EndGlobal
